
Microsoft Visual Studio Solution File, Format Version 12.00
# Visual Studio Version 17
VisualStudioVersion = 17.3.32825.248
MinimumVisualStudioVersion = 10.0.40219.1
Project("{8BC9CEB8-8B4A-11D0-8D11-00A0C91BC942}") = "CudaRuntime3", "CudaRuntime3\CudaRuntime3.vcxproj", "{444CF163-0323-4BB2-BA05-A9F0FF34CCFF}"
EndProject
Global
	GlobalSection(SolutionConfigurationPlatforms) = preSolution
		Debug|Win32 = Debug|Win32
		Debug|x64 = Debug|x64
		Debug|x86 = Debug|x86
		Release|Win32 = Release|Win32
		Release|x64 = Release|x64
		Release|x86 = Release|x86
	EndGlobalSection
	GlobalSection(ProjectConfigurationPlatforms) = postSolution
		{444CF163-0323-4BB2-BA05-A9F0FF34CCFF}.Debug|Win32.ActiveCfg = Debug|Win32
		{444CF163-0323-4BB2-BA05-A9F0FF34CCFF}.Debug|Win32.Build.0 = Debug|Win32
		{444CF163-0323-4BB2-BA05-A9F0FF34CCFF}.Debug|x64.ActiveCfg = Debug|x64
		{444CF163-0323-4BB2-BA05-A9F0FF34CCFF}.Debug|x64.Build.0 = Debug|x64
		{444CF163-0323-4BB2-BA05-A9F0FF34CCFF}.Debug|x86.ActiveCfg = Debug|Win32
		{444CF163-0323-4BB2-BA05-A9F0FF34CCFF}.Debug|x86.Build.0 = Debug|Win32
		{444CF163-0323-4BB2-BA05-A9F0FF34CCFF}.Release|Win32.ActiveCfg = Release|Win32
		{444CF163-0323-4BB2-BA05-A9F0FF34CCFF}.Release|Win32.Build.0 = Release|Win32
		{444CF163-0323-4BB2-BA05-A9F0FF34CCFF}.Release|x64.ActiveCfg = Release|x64
		{444CF163-0323-4BB2-BA05-A9F0FF34CCFF}.Release|x64.Build.0 = Release|x64
		{444CF163-0323-4BB2-BA05-A9F0FF34CCFF}.Release|x86.ActiveCfg = Release|Win32
		{444CF163-0323-4BB2-BA05-A9F0FF34CCFF}.Release|x86.Build.0 = Release|Win32
	EndGlobalSection
	GlobalSection(SolutionProperties) = preSolution
		HideSolutionNode = FALSE
	EndGlobalSection
	GlobalSection(ExtensibilityGlobals) = postSolution
		SolutionGuid = {CFC28CAE-A7F6-43BD-9A12-D5ECEEF408BF}
	EndGlobalSection
EndGlobal
